{
  "version": 1,
  "dependencies": {
    "net6.0": {
      "invvarddev.ifttt.shared": {
        "type": "Project"
      }
    },
    "net7.0": {
      "invvarddev.ifttt.shared": {
        "type": "Project"
      }
    },
    "net8.0": {
      "invvarddev.ifttt.shared": {
        "type": "Project"
      }
    }
  }
}